#MicroXplorer Configuration settings - do not modify
ADC3.Channel-1\#ChannelRegularConversion=ADC_CHANNEL_TEMPSENSOR
ADC3.IPParameters=Rank-1\#ChannelRegularConversion,Channel-1\#ChannelRegularConversion,SamplingTime-1\#ChannelRegularConversion,OffsetNumber-1\#ChannelRegularConversion,OffsetSign-1\#ChannelRegularConversion,OffsetSaturation-1\#ChannelRegularConversion,OffsetSignedSaturation-1\#ChannelRegularConversion,NbrOfConversionFlag
ADC3.NbrOfConversionFlag=1
ADC3.OffsetNumber-1\#ChannelRegularConversion=ADC_OFFSET_NONE
ADC3.OffsetSaturation-1\#ChannelRegularConversion=DISABLE
ADC3.OffsetSign-1\#ChannelRegularConversion=ADC3_OFFSET_SIGN_NEGATIVE
ADC3.OffsetSignedSaturation-1\#ChannelRegularConversion=DISABLE
ADC3.Rank-1\#ChannelRegularConversion=1
ADC3.SamplingTime-1\#ChannelRegularConversion=ADC_SAMPLETIME_1CYCLE_5
CORTEX_M7.CPU_DCache=Enabled
CORTEX_M7.CPU_ICache=Enabled
CORTEX_M7.IPParameters=CPU_ICache,CPU_DCache
FATFS.IPParameters=_USE_MUTEX
FATFS._USE_MUTEX=1
FREERTOS.IPParameters=Tasks01,configENABLE_FPU,configENABLE_BACKWARD_COMPATIBILITY,configRECORD_STACK_HIGH_ADDRESS,configUSE_TICKLESS_IDLE,configTOTAL_HEAP_SIZE,configUSE_MALLOC_FAILED_HOOK,configCHECK_FOR_STACK_OVERFLOW,configGENERATE_RUN_TIME_STATS,configUSE_STATS_FORMATTING_FUNCTIONS
FREERTOS.Tasks01=defaultTask,24,128,StartDefaultTask,Default,NULL,Dynamic,NULL,NULL
FREERTOS.configCHECK_FOR_STACK_OVERFLOW=1
FREERTOS.configENABLE_BACKWARD_COMPATIBILITY=0
FREERTOS.configENABLE_FPU=1
FREERTOS.configGENERATE_RUN_TIME_STATS=1
FREERTOS.configRECORD_STACK_HIGH_ADDRESS=1
FREERTOS.configTOTAL_HEAP_SIZE=128000
FREERTOS.configUSE_MALLOC_FAILED_HOOK=1
FREERTOS.configUSE_STATS_FORMATTING_FUNCTIONS=1
FREERTOS.configUSE_TICKLESS_IDLE=1
File.Version=6
GPIO.groupedBy=Group By Peripherals
I2C1.IPParameters=Timing
I2C1.Timing=0x308083C4
I2C2.I2C_Speed_Mode=I2C_Fast
I2C2.IPParameters=Timing,I2C_Speed_Mode
I2C2.Timing=0x00D049F1
KeepUserPlacement=true
Mcu.Family=STM32H7
Mcu.IP0=ADC3
Mcu.IP1=CORTEX_M7
Mcu.IP10=LPTIM1
Mcu.IP11=NVIC
Mcu.IP12=OCTOSPI1
Mcu.IP13=RCC
Mcu.IP14=RNG
Mcu.IP15=SDMMC1
Mcu.IP16=SPI1
Mcu.IP17=SPI2
Mcu.IP18=SYS
Mcu.IP19=TIM1
Mcu.IP2=CRC
Mcu.IP20=TIM24
Mcu.IP21=UART4
Mcu.IP22=UART5
Mcu.IP23=UART7
Mcu.IP24=UART8
Mcu.IP25=UART9
Mcu.IP26=USART1
Mcu.IP27=USART2
Mcu.IP28=USB_DEVICE
Mcu.IP29=USB_OTG_HS
Mcu.IP3=CRYP
Mcu.IP4=DEBUG
Mcu.IP5=FATFS
Mcu.IP6=FREERTOS
Mcu.IP7=HASH
Mcu.IP8=I2C1
Mcu.IP9=I2C2
Mcu.IPNb=30
Mcu.Name=STM32H735ZGTx
Mcu.Package=LQFP144
Mcu.Pin0=PE2
Mcu.Pin1=PE3
Mcu.Pin10=PF9
Mcu.Pin100=VP_STMicroelectronics.X-CUBE-ALGOBUILD_VS_DSPOoLibraryJjLibrary_1.1.0
Mcu.Pin11=PF10
Mcu.Pin12=PH0-OSC_IN
Mcu.Pin13=PH1-OSC_OUT
Mcu.Pin14=PC0
Mcu.Pin15=PC1
Mcu.Pin16=PC2_C
Mcu.Pin17=PC3_C
Mcu.Pin18=PA0
Mcu.Pin19=PA1
Mcu.Pin2=PE4
Mcu.Pin20=PA2
Mcu.Pin21=PA3
Mcu.Pin22=PA4
Mcu.Pin23=PA5
Mcu.Pin24=PA6
Mcu.Pin25=PA7
Mcu.Pin26=PC5
Mcu.Pin27=PB0
Mcu.Pin28=PB1
Mcu.Pin29=PB2
Mcu.Pin3=PE5
Mcu.Pin30=PF11
Mcu.Pin31=PF14
Mcu.Pin32=PE7
Mcu.Pin33=PE11
Mcu.Pin34=PE13
Mcu.Pin35=PE14
Mcu.Pin36=PB10
Mcu.Pin37=PB11
Mcu.Pin38=PB12
Mcu.Pin39=PB13
Mcu.Pin4=PE6
Mcu.Pin40=PB14
Mcu.Pin41=PB15
Mcu.Pin42=PD10
Mcu.Pin43=PD11
Mcu.Pin44=PD12
Mcu.Pin45=PD13
Mcu.Pin46=PD14
Mcu.Pin47=PD15
Mcu.Pin48=PC6
Mcu.Pin49=PC7
Mcu.Pin5=PC14-OSC32_IN
Mcu.Pin50=PC8
Mcu.Pin51=PC9
Mcu.Pin52=PA8
Mcu.Pin53=PA9
Mcu.Pin54=PA10
Mcu.Pin55=PA11
Mcu.Pin56=PA12
Mcu.Pin57=PA13(JTMS/SWDIO)
Mcu.Pin58=PA14(JTCK/SWCLK)
Mcu.Pin59=PA15(JTDI)
Mcu.Pin6=PC15-OSC32_OUT
Mcu.Pin60=PC10
Mcu.Pin61=PC11
Mcu.Pin62=PC12
Mcu.Pin63=PD0
Mcu.Pin64=PD1
Mcu.Pin65=PD2
Mcu.Pin66=PD3
Mcu.Pin67=PD4
Mcu.Pin68=PD5
Mcu.Pin69=PD6
Mcu.Pin7=PF6
Mcu.Pin70=PD7
Mcu.Pin71=PG9
Mcu.Pin72=PG10
Mcu.Pin73=PG11
Mcu.Pin74=PG12
Mcu.Pin75=PG13
Mcu.Pin76=PG14
Mcu.Pin77=PB4(NJTRST)
Mcu.Pin78=PB5
Mcu.Pin79=PB6
Mcu.Pin8=PF7
Mcu.Pin80=PB7
Mcu.Pin81=PB8
Mcu.Pin82=PB9
Mcu.Pin83=PE0
Mcu.Pin84=PE1
Mcu.Pin85=VP_ADC3_TempSens_Input
Mcu.Pin86=VP_ADC3_Vref_Input
Mcu.Pin87=VP_CRC_VS_CRC
Mcu.Pin88=VP_CRYP_VS_CRYP
Mcu.Pin89=VP_FATFS_VS_Generic
Mcu.Pin9=PF8
Mcu.Pin90=VP_FREERTOS_VS_CMSIS_V2
Mcu.Pin91=VP_HASH_VS_HASH
Mcu.Pin92=VP_LPTIM1_VS_LPTIM_counterModeInternalClock
Mcu.Pin93=VP_OCTOSPI1_VS_quad
Mcu.Pin94=VP_RNG_VS_RNG
Mcu.Pin95=VP_SYS_VS_tim2
Mcu.Pin96=VP_TIM1_VS_ClockSourceINT
Mcu.Pin97=VP_TIM24_VS_ClockSourceINT
Mcu.Pin98=VP_USB_DEVICE_VS_USB_DEVICE_MSC_HS
Mcu.Pin99=VP_STMicroelectronics.X-CUBE-ALGOBUILD_VS_MotionOoLibrariesJjLibrary_1.1.0
Mcu.PinsNb=101
Mcu.ThirdParty0=STMicroelectronics.X-CUBE-ALGOBUILD.1.1.0
Mcu.ThirdParty1=STMicroelectronics.X-CUBE-MEMS1.8.2.0
Mcu.ThirdPartyNb=2
Mcu.UserConstants=
Mcu.UserName=STM32H735ZGTx
MxCube.Version=6.1.0
MxDb.Version=DB.6.0.10
NVIC.BusFault_IRQn=true\:0\:0\:false\:false\:true\:false\:false\:false
NVIC.DebugMonitor_IRQn=true\:0\:0\:false\:false\:true\:false\:false\:false
NVIC.EXTI15_10_IRQn=true\:5\:0\:false\:false\:true\:true\:true\:true
NVIC.EXTI9_5_IRQn=true\:5\:0\:false\:false\:true\:true\:true\:true
NVIC.ForceEnableDMAVector=true
NVIC.HardFault_IRQn=true\:0\:0\:false\:false\:true\:false\:false\:false
NVIC.LPTIM1_IRQn=true\:5\:0\:false\:false\:true\:true\:true\:true
NVIC.MemoryManagement_IRQn=true\:0\:0\:false\:false\:true\:false\:false\:false
NVIC.NonMaskableInt_IRQn=true\:0\:0\:false\:false\:true\:false\:false\:false
NVIC.OTG_HS_IRQn=true\:5\:0\:false\:false\:true\:true\:false\:true
NVIC.PendSV_IRQn=true\:15\:0\:false\:false\:false\:true\:false\:false
NVIC.PriorityGroup=NVIC_PRIORITYGROUP_4
NVIC.SVCall_IRQn=true\:0\:0\:false\:false\:false\:false\:false\:false
NVIC.SavedPendsvIrqHandlerGenerated=true
NVIC.SavedSvcallIrqHandlerGenerated=true
NVIC.SavedSystickIrqHandlerGenerated=true
NVIC.SysTick_IRQn=true\:15\:0\:false\:false\:false\:true\:false\:true
NVIC.TIM2_IRQn=true\:0\:0\:false\:false\:true\:false\:false\:true
NVIC.TimeBase=TIM2_IRQn
NVIC.TimeBaseIP=TIM2
NVIC.UART5_IRQn=true\:5\:0\:false\:false\:true\:true\:true\:true
NVIC.USART2_IRQn=true\:5\:0\:false\:false\:true\:true\:true\:true
NVIC.UsageFault_IRQn=true\:0\:0\:false\:false\:true\:false\:false\:false
PA0.Locked=true
PA0.Mode=Asynchronous
PA0.Signal=UART4_TX
PA1.Locked=true
PA1.Mode=Asynchronous
PA1.Signal=UART4_RX
PA10.GPIOParameters=GPIO_Label
PA10.GPIO_Label=BLDC_ARM3
PA10.Locked=true
PA10.Signal=GPIO_Output
PA11.Locked=true
PA11.Mode=Device_Only_FS
PA11.Signal=USB_OTG_HS_DM
PA12.Locked=true
PA12.Mode=Device_Only_FS
PA12.Signal=USB_OTG_HS_DP
PA13(JTMS/SWDIO).Locked=true
PA13(JTMS/SWDIO).Mode=Serial_Wire
PA13(JTMS/SWDIO).Signal=DEBUG_JTMS-SWDIO
PA14(JTCK/SWCLK).Locked=true
PA14(JTCK/SWCLK).Mode=Serial_Wire
PA14(JTCK/SWCLK).Signal=DEBUG_JTCK-SWCLK
PA15(JTDI).GPIOParameters=GPIO_Label
PA15(JTDI).GPIO_Label=BLDC_ARM2
PA15(JTDI).Locked=true
PA15(JTDI).Signal=GPIO_Output
PA2.Locked=true
PA2.Mode=Asynchronous
PA2.Signal=USART2_TX
PA3.Locked=true
PA3.Mode=Asynchronous
PA3.Signal=USART2_RX
PA4.Locked=true
PA4.Mode=NSS_Signal_Hard_Output
PA4.Signal=SPI1_NSS
PA5.Locked=true
PA5.Mode=Full_Duplex_Master
PA5.Signal=SPI1_SCK
PA6.Locked=true
PA6.Mode=Full_Duplex_Master
PA6.Signal=SPI1_MISO
PA7.Locked=true
PA7.Mode=Full_Duplex_Master
PA7.Signal=SPI1_MOSI
PA8.GPIOParameters=GPIO_Label
PA8.GPIO_Label=BLDC_ARM4
PA8.Locked=true
PA8.Signal=GPIO_Output
PA9.Locked=true
PA9.Mode=Full_Duplex_Master
PA9.Signal=SPI2_SCK
PB0.GPIOParameters=GPIO_Label
PB0.GPIO_Label=LED_B
PB0.Locked=true
PB0.Signal=GPIO_Output
PB1.GPIOParameters=GPIO_Label
PB1.GPIO_Label=LED_G
PB1.Locked=true
PB1.Signal=GPIO_Output
PB10.Locked=true
PB10.Mode=I2C
PB10.Signal=I2C2_SCL
PB11.Locked=true
PB11.Mode=I2C
PB11.Signal=I2C2_SDA
PB12.Locked=true
PB12.Mode=Asynchronous
PB12.Signal=UART5_RX
PB13.Locked=true
PB13.Mode=Asynchronous
PB13.Signal=UART5_TX
PB14.Locked=true
PB14.Mode=Asynchronous
PB14.Signal=USART1_TX
PB15.Locked=true
PB15.Mode=Asynchronous
PB15.Signal=USART1_RX
PB2.GPIOParameters=GPIO_Label
PB2.GPIO_Label=LED_R
PB2.Locked=true
PB2.Signal=GPIO_Output
PB4(NJTRST).Locked=true
PB4(NJTRST).Mode=NSS_Signal_Hard_Output
PB4(NJTRST).Signal=SPI2_NSS
PB5.GPIOParameters=GPIO_Label
PB5.GPIO_Label=GPS_RESETN
PB5.Locked=true
PB5.Signal=GPIO_Output
PB6.Locked=true
PB6.Mode=I2C
PB6.Signal=I2C1_SCL
PB7.Locked=true
PB7.Mode=I2C
PB7.Signal=I2C1_SDA
PB8.GPIOParameters=GPIO_Label
PB8.GPIO_Label=IMU_CS_AG
PB8.Locked=true
PB8.Signal=GPIO_Output
PB9.GPIOParameters=GPIO_Label
PB9.GPIO_Label=IMU_CS_MAG
PB9.Locked=true
PB9.Signal=GPIO_Output
PC0.GPIOParameters=GPIO_Label
PC0.GPIO_Label=EVENT_IN
PC0.Locked=true
PC0.Signal=GPXTI0
PC1.Locked=true
PC1.Mode=Full_Duplex_Master
PC1.Signal=SPI2_MOSI
PC10.Locked=true
PC10.Mode=SD_4_bits_Wide_bus
PC10.Signal=SDMMC1_D2
PC11.Locked=true
PC11.Mode=SD_4_bits_Wide_bus
PC11.Signal=SDMMC1_D3
PC12.Locked=true
PC12.Mode=SD_4_bits_Wide_bus
PC12.Signal=SDMMC1_CK
PC14-OSC32_IN.Signal=RCC_OSC32_IN
PC15-OSC32_OUT.Signal=RCC_OSC32_OUT
PC2_C.Locked=true
PC2_C.Mode=Full_Duplex_Master
PC2_C.Signal=SPI2_MISO
PC3_C.GPIOParameters=GPIO_Label
PC3_C.GPIO_Label=VBAT_SENSE
PC3_C.Mode=IN1-Single-Ended
PC3_C.Signal=ADC3_INP1
PC5.GPIOParameters=GPIO_Label
PC5.GPIO_Label=WIFI_SER_CFG
PC5.Locked=true
PC5.Signal=GPIO_Output
PC6.GPIOParameters=GPIO_Label
PC6.GPIO_Label=WIFI_CHIP_EN
PC6.Locked=true
PC6.Signal=GPIO_Output
PC7.GPIOParameters=GPIO_Label
PC7.GPIO_Label=WIFI_RESETN
PC7.Locked=true
PC7.Signal=GPIO_Output
PC8.Locked=true
PC8.Mode=SD_4_bits_Wide_bus
PC8.Signal=SDMMC1_D0
PC9.Locked=true
PC9.Mode=SD_4_bits_Wide_bus
PC9.Signal=SDMMC1_D1
PCC.Checker=true
PCC.Line=STM32H725/735
PCC.MCU=STM32H735ZGTx
PCC.PartNumber=STM32H735ZGTx
PCC.Seq0=2
PCC.Seq0.Step0.Average_Current=206.88 mA
PCC.Seq0.Step0.CPU_Frequency=550 MHz
PCC.Seq0.Step0.Category=In DS Table
PCC.Seq0.Step0.DMIPS=1177.0001
PCC.Seq0.Step0.Duration=0.1 ms
PCC.Seq0.Step0.Frequency=8 MHz
PCC.Seq0.Step0.Memory=SRAM1/FlashMode-ON/Cache
PCC.Seq0.Step0.Mode=RUN
PCC.Seq0.Step0.Oscillator=HSE BYP PLL
PCC.Seq0.Step0.Peripherals=AXISRAM DMA2D FLASH FMC LTDC MDMA OCTOSPI1 OCTOSPI2 OTFDEC1 OTFDEC2 SDMMC1 ADC1 ADC2 CORDIC CRS CRYP DAC1 DCMI DFSDM1 DMA1 DMA2 DMAMUX1 ETH FDCAN1 FDCAN2 FDCAN3 FMAC HASH HDMI_CEC I2C1 I2C2 I2C3 I2C5 LPTIM1 MDIOS OPAMP1 OPAMP2 RNG SAI1 SDMMC2 SPDIFRX1 SPI1 SPI2 SPI3 SPI4 SPI5 SRAM1 SRAM2 SWPMI1 TIM1 TIM2 TIM3 TIM4 TIM5 TIM6 TIM7 TIM8 TIM12 TIM13 TIM14 TIM15 TIM16 TIM17 TIM23 TIM24 UART4 UART5 UART7 UART8 UART9 USART1 USART10 USART2 USART3 USART6 USB_OTG_HS WWDG1 ADC3 BDMA BKPRAM COMP1 COMP2 CRC GPIOA GPIOB GPIOC GPIOD GPIOE GPIOF GPIOG GPIOH HSEM I2C4 LPTIM2 LPTIM3 LPTIM4 LPTIM5 LPUART1 RTCAPB SAI4 SPI6 SYS TEMP VREFBUF
PCC.Seq0.Step0.SubMode1=DRUN
PCC.Seq0.Step0.SubMode2=DRUN
PCC.Seq0.Step0.SubMode3=DRUN
PCC.Seq0.Step0.TaMax=94.96
PCC.Seq0.Step0.User's_Consumption=0 mA
PCC.Seq0.Step0.Vcore=VOS0\: Scale0/Boost
PCC.Seq0.Step0.Vdd=3.3
PCC.Seq0.Step0.Voltage_Source=Vbus
PCC.Seq0.Step1.Average_Current=2.65 \u00B5A
PCC.Seq0.Step1.CPU_Frequency=0 Hz
PCC.Seq0.Step1.Category=In DS Table
PCC.Seq0.Step1.DMIPS=0.0
PCC.Seq0.Step1.Duration=0.9 ms
PCC.Seq0.Step1.Frequency=32.768 kHz
PCC.Seq0.Step1.Memory=NA
PCC.Seq0.Step1.Mode=STOP
PCC.Seq0.Step1.Oscillator=LSE LowDrive RTC
PCC.Seq0.Step1.Peripherals=
PCC.Seq0.Step1.SubMode1=DSTANDBY
PCC.Seq0.Step1.SubMode2=DSTANDBY
PCC.Seq0.Step1.SubMode3=DSTOP
PCC.Seq0.Step1.TaMax=125
PCC.Seq0.Step1.User's_Consumption=0 mA
PCC.Seq0.Step1.Vcore=SVOS3\: System-Scale3/SMPS-LDO
PCC.Seq0.Step1.Vdd=3.3
PCC.Seq0.Step1.Voltage_Source=Battery
PCC.Series=STM32H7
PCC.Temperature=25
PCC.Vdd=3.3
PD0.GPIOParameters=GPIO_Label
PD0.GPIO_Label=BLDC_ARM1
PD0.Locked=true
PD0.Signal=GPIO_Output
PD1.GPIOParameters=GPIO_Label
PD1.GPIO_Label=BLDC_nRESET1
PD1.Locked=true
PD1.Signal=GPIO_Output
PD10.GPIOParameters=GPIO_Label
PD10.GPIO_Label=BLDC_BOOTSEL1
PD10.Locked=true
PD10.Signal=GPIO_Output
PD11.GPIOParameters=GPIO_Label
PD11.GPIO_Label=BLDC_BOOTSEL2
PD11.Locked=true
PD11.Signal=GPIO_Output
PD12.GPIOParameters=GPIO_Label
PD12.GPIO_Label=BLDC_BOOTSEL3
PD12.Locked=true
PD12.Signal=GPIO_Output
PD13.GPIOParameters=GPIO_Label
PD13.GPIO_Label=BLDC_BOOTSEL4
PD13.Locked=true
PD13.Signal=GPIO_Output
PD14.Locked=true
PD14.Mode=Asynchronous
PD14.Signal=UART9_RX
PD15.Locked=true
PD15.Mode=Asynchronous
PD15.Signal=UART9_TX
PD2.Locked=true
PD2.Mode=SD_4_bits_Wide_bus
PD2.Signal=SDMMC1_CMD
PD3.GPIOParameters=GPIO_Label
PD3.GPIO_Label=BLDC_nRESET2
PD3.Locked=true
PD3.Signal=GPIO_Output
PD4.GPIOParameters=GPIO_Label
PD4.GPIO_Label=BLDC_nRESET3
PD4.Locked=true
PD4.Signal=GPIO_Output
PD5.GPIOParameters=GPIO_Label
PD5.GPIO_Label=BLDC_nRESET4
PD5.Locked=true
PD5.Signal=GPIO_Output
PD6.GPIOParameters=GPIO_Label
PD6.GPIO_Label=BARO_INT
PD6.Locked=true
PD6.Signal=GPXTI6
PD7.GPIOParameters=GPIO_Label
PD7.GPIO_Label=IMU_MAG_DRDY
PD7.Locked=true
PD7.Signal=GPXTI7
PE0.Locked=true
PE0.Mode=Asynchronous
PE0.Signal=UART8_RX
PE1.Locked=true
PE1.Mode=Asynchronous
PE1.Signal=UART8_TX
PE11.Locked=true
PE11.Mode=OCTOSPI1_Port1_NCS
PE11.Signal=OCTOSPIM_P1_NCS
PE13.Locked=true
PE13.Signal=S_TIM1_CH3
PE14.Locked=true
PE14.Signal=S_TIM1_CH4
PE2.Locked=true
PE2.Mode=OCTOSPI1_IOL_Port1L
PE2.Signal=OCTOSPIM_P1_IO2
PE3.GPIOParameters=GPIO_Label
PE3.GPIO_Label=FLASH_NRESET
PE3.Locked=true
PE3.Signal=GPIO_Output
PE4.GPIOParameters=GPIO_Label
PE4.GPIO_Label=IMU_AG_DEN
PE4.Locked=true
PE4.Signal=GPIO_Output
PE5.GPIOParameters=GPIO_Label
PE5.GPIO_Label=IMU_SDO_AG
PE5.Locked=true
PE5.Signal=GPIO_Output
PE6.GPIOParameters=GPIO_Label
PE6.GPIO_Label=IMU_SDO_MAG
PE6.Locked=true
PE6.Signal=GPIO_Output
PE7.Locked=true
PE7.Mode=Asynchronous
PE7.Signal=UART7_RX
PF10.Locked=true
PF10.Mode=O1_P1_CLK
PF10.Signal=OCTOSPIM_P1_CLK
PF11.Locked=true
PF11.Mode=PWM Generation1 CH1
PF11.Signal=TIM24_CH1
PF14.Locked=true
PF14.Signal=S_TIM24_CH4
PF6.Locked=true
PF6.Mode=OCTOSPI1_IOL_Port1L
PF6.Signal=OCTOSPIM_P1_IO3
PF7.Locked=true
PF7.Mode=Asynchronous
PF7.Signal=UART7_TX
PF8.Locked=true
PF8.Mode=OCTOSPI1_IOL_Port1L
PF8.Signal=OCTOSPIM_P1_IO0
PF9.Locked=true
PF9.Mode=OCTOSPI1_IOL_Port1L
PF9.Signal=OCTOSPIM_P1_IO1
PG10.GPIOParameters=GPIO_Label
PG10.GPIO_Label=IMU_AG_INT1
PG10.Locked=true
PG10.Signal=GPXTI10
PG11.GPIOParameters=GPIO_Label
PG11.GPIO_Label=IMU_MAG_INT
PG11.Locked=true
PG11.Signal=GPXTI11
PG12.GPIOParameters=GPIO_Label
PG12.GPIO_Label=GPS_TIME
PG12.Locked=true
PG12.Signal=GPXTI12
PG13.GPIOParameters=GPIO_Label
PG13.GPIO_Label=GPS_EXTINT
PG13.Locked=true
PG13.Signal=GPXTI13
PG14.GPIOParameters=GPIO_Label
PG14.GPIO_Label=WIFI_IRQ
PG14.Locked=true
PG14.Signal=GPXTI14
PG9.GPIOParameters=GPIO_Label
PG9.GPIO_Label=IMU_AG_INT2
PG9.Locked=true
PG9.Signal=GPXTI9
PH0-OSC_IN.Mode=HSE-External-Oscillator
PH0-OSC_IN.Signal=RCC_OSC_IN
PH1-OSC_OUT.Mode=HSE-External-Oscillator
PH1-OSC_OUT.Signal=RCC_OSC_OUT
PinOutPanel.RotationAngle=0
ProjectManager.AskForMigrate=true
ProjectManager.BackupPrevious=false
ProjectManager.CompilerOptimize=6
ProjectManager.ComputerToolchain=false
ProjectManager.CoupleFile=false
ProjectManager.CustomerFirmwarePackage=
ProjectManager.DefaultFWLocation=true
ProjectManager.DeletePrevious=true
ProjectManager.DeviceId=STM32H735ZGTx
ProjectManager.FirmwarePackage=STM32Cube FW_H7 V1.8.0
ProjectManager.FreePins=false
ProjectManager.HalAssertFull=false
ProjectManager.HeapSize=0x200
ProjectManager.KeepUserCode=true
ProjectManager.LastFirmware=true
ProjectManager.LibraryCopy=1
ProjectManager.MainLocation=Core/Src
ProjectManager.NoMain=false
ProjectManager.PreviousToolchain=STM32CubeIDE
ProjectManager.ProjectBuild=false
ProjectManager.ProjectFileName=FW QCopter.ioc
ProjectManager.ProjectName=FW QCopter
ProjectManager.RegisterCallBack=
ProjectManager.StackSize=0x400
ProjectManager.TargetToolchain=STM32CubeIDE
ProjectManager.ToolChainLocation=
ProjectManager.UnderRoot=true
ProjectManager.functionlistsort=1-MX_GPIO_Init-GPIO-false-HAL-true,2-SystemClock_Config-RCC-false-HAL-false,3-MX_CRC_Init-CRC-false-HAL-true,4-MX_CRYP_Init-CRYP-false-HAL-true,5-MX_HASH_Init-HASH-false-HAL-true,6-MX_I2C1_Init-I2C1-false-HAL-true,7-MX_I2C2_Init-I2C2-false-HAL-true,8-MX_OCTOSPI1_Init-OCTOSPI1-false-HAL-true,9-MX_RNG_Init-RNG-false-HAL-true,10-MX_SDMMC1_SD_Init-SDMMC1-false-HAL-true,11-MX_SPI1_Init-SPI1-false-HAL-true,12-MX_TIM1_Init-TIM1-false-HAL-true,13-MX_TIM24_Init-TIM24-false-HAL-true,14-MX_UART4_Init-UART4-false-HAL-true,15-MX_UART5_Init-UART5-false-HAL-true,16-MX_UART7_Init-UART7-false-HAL-true,17-MX_UART8_Init-UART8-false-HAL-true,18-MX_UART9_Init-UART9-false-HAL-true,19-MX_USART1_UART_Init-USART1-false-HAL-true,20-MX_USART2_UART_Init-USART2-false-HAL-true,21-MX_FATFS_Init-FATFS-false-HAL-false,22-MX_USB_DEVICE_Init-USB_DEVICE-false-HAL-false,23-MX_ADC3_Init-ADC3-false-HAL-true,24-MX_ALGOBUILD_Init-STMicroelectronics.X-CUBE-ALGOBUILD.1.1.0-false-HAL-false,25-MX_ALGOBUILD_Process-STMicroelectronics.X-CUBE-ALGOBUILD.1.1.0-false-HAL-false,0-MX_CORTEX_M7_Init-CORTEX_M7-false-HAL-true
RCC.ADCCLockSelection=RCC_ADCCLKSOURCE_PLL3
RCC.ADCFreq_Value=133333333.33333333
RCC.AHB12Freq_Value=275000000
RCC.AHB4Freq_Value=275000000
RCC.APB1Freq_Value=137500000
RCC.APB2Freq_Value=137500000
RCC.APB3Freq_Value=137500000
RCC.APB4Freq_Value=137500000
RCC.AXIClockFreq_Value=275000000
RCC.CECCLockSelection=RCC_CECCLKSOURCE_LSI
RCC.CECFreq_Value=32000
RCC.CKPERFreq_Value=64000000
RCC.CKPERSourceSelection=RCC_CLKPSOURCE_HSI
RCC.CSI_VALUE=4000000
RCC.CortexFreq_Value=550000000
RCC.Cortex_Div=SYSTICK_CLKSOURCE_HCLK
RCC.Cortex_DivARG=SystemCoreClock/1000
RCC.CpuClockFreq_Value=550000000
RCC.D1CPRE=RCC_SYSCLK_DIV1
RCC.D1CPREFreq_Value=550000000
RCC.D1PPRE=RCC_APB3_DIV2
RCC.D2PPRE1=RCC_APB1_DIV2
RCC.D2PPRE2=RCC_APB2_DIV2
RCC.D3PPRE=RCC_APB4_DIV2
RCC.DFSDMACLkFreq_Value=183333333.33333334
RCC.DFSDMCLockSelection=RCC_DFSDM1CLKSOURCE_D2PCLK1
RCC.DFSDMFreq_Value=137500000
RCC.DIVM1=4
RCC.DIVM2=4
RCC.DIVM3=4
RCC.DIVN1=110
RCC.DIVN2=160
RCC.DIVN3=80
RCC.DIVP1=1
RCC.DIVP1Freq_Value=550000000
RCC.DIVP2=4
RCC.DIVP2Freq_Value=200000000
RCC.DIVP3Freq_Value=200000000
RCC.DIVQ1=3
RCC.DIVQ1Freq_Value=183333333.33333334
RCC.DIVQ2Freq_Value=400000000
RCC.DIVQ3=4
RCC.DIVQ3Freq_Value=100000000
RCC.DIVR1=2
RCC.DIVR1Freq_Value=275000000
RCC.DIVR2=4
RCC.DIVR2Freq_Value=200000000
RCC.DIVR3=3
RCC.DIVR3Freq_Value=133333333.33333333
RCC.DSICLockSelection=RCC_DSICLKSOURCE_PHY
RCC.DSIFreq_Value=96000000
RCC.DSIPHYCLKFreq_Value=96000000
RCC.DSIPHY_Div=8
RCC.DSITXEscFreq_Value=20000000
RCC.DSITX_Div=4
RCC.DSI_PHY_VALUE=12288000
RCC.EXTERNAL_CLOCK_VALUE=12288000
RCC.FDCANCLockSelection=RCC_FDCANCLKSOURCE_PLL
RCC.FDCANFreq_Value=183333333.33333334
RCC.FMCCLockSelection=RCC_FMCCLKSOURCE_D1HCLK
RCC.FMCFreq_Value=275000000
RCC.FamilyName=M
RCC.HCLK3ClockFreq_Value=275000000
RCC.HCLKFreq_Value=275000000
RCC.HPRE=RCC_HCLK_DIV2
RCC.HSE_VALUE=20000000
RCC.HSI48_VALUE=48000000
RCC.HSIDiv=RCC_PLLSAIDIVR_1
RCC.HSI_VALUE=64000000
RCC.I2C123CLockSelection=RCC_I2C1235CLKSOURCE_PLL3
RCC.I2C123Freq_Value=133333333.33333333
RCC.I2C4CLockSelection=RCC_I2C4CLKSOURCE_D3PCLK1
RCC.I2C4Freq_Value=137500000
RCC.IPParameters=ADCCLockSelection,ADCFreq_Value,AHB12Freq_Value,AHB4Freq_Value,APB1Freq_Value,APB2Freq_Value,APB3Freq_Value,APB4Freq_Value,AXIClockFreq_Value,CECCLockSelection,CECFreq_Value,CKPERFreq_Value,CKPERSourceSelection,CSI_VALUE,CortexFreq_Value,Cortex_Div,Cortex_DivARG,CpuClockFreq_Value,D1CPRE,D1CPREFreq_Value,D1PPRE,D2PPRE1,D2PPRE2,D3PPRE,DFSDMACLkFreq_Value,DFSDMCLockSelection,DFSDMFreq_Value,DIVM1,DIVM2,DIVM3,DIVN1,DIVN2,DIVN3,DIVP1,DIVP1Freq_Value,DIVP2,DIVP2Freq_Value,DIVP3Freq_Value,DIVQ1,DIVQ1Freq_Value,DIVQ2Freq_Value,DIVQ3,DIVQ3Freq_Value,DIVR1,DIVR1Freq_Value,DIVR2,DIVR2Freq_Value,DIVR3,DIVR3Freq_Value,DSICLockSelection,DSIFreq_Value,DSIPHYCLKFreq_Value,DSIPHY_Div,DSITXEscFreq_Value,DSITX_Div,DSI_PHY_VALUE,EXTERNAL_CLOCK_VALUE,FDCANCLockSelection,FDCANFreq_Value,FMCCLockSelection,FMCFreq_Value,FamilyName,HCLK3ClockFreq_Value,HCLKFreq_Value,HPRE,HSE_VALUE,HSI48_VALUE,HSIDiv,HSI_VALUE,I2C123CLockSelection,I2C123Freq_Value,I2C4CLockSelection,I2C4Freq_Value,LPTIM1CLockSelection,LPTIM1Freq_Value,LPTIM2CLockSelection,LPTIM2Freq_Value,LPTIM345CLockSelection,LPTIM345Freq_Value,LPUART1CLockSelection,LPUART1Freq_Value,LSEState,LSE_VALUE,LSI_VALUE,LTDCFreq_Value,MCO1PinFreq_Value,MCO2PinFreq_Value,PLL1_VCI_Range-AdvancedSettings,PLL1_VCO_SEL-AdvancedSettings,PLLDSIDev,PLLDSIFreq_Value,PLLDSIIDF,PLLDSIMult,PLLDSINDIV,PLLDSIODF,PLLDSIVCOFreq_Value,PLLFRACN,PWR_Regulator_Voltage_Scale,QSPICLockSelection,QSPIFreq_Value,RCC_MCO1Source,RCC_MCO2Source,RCC_MCODiv1,RCC_MCODiv2,RCC_RTC_Clock_Source_FROM_HSE,RNGCLockSelection,RNGFreq_Value,RTCFreq_Value,SAI1CLockSelection,SAI1Freq_Value,SAI23CLockSelection,SAI23Freq_Value,SAI4ACLockSelection,SAI4AFreq_Value,SAI4BCLockSelection,SAI4BFreq_Value,SDMMC1CLockSelection,SDMMCFreq_Value,SPDIFCLockSelection,SPDIFRXFreq_Value,SPI123CLockSelection,SPI123Freq_Value,SPI45Freq_Value,SPI6CLockSelection,SPI6Freq_Value,SWPCLockSelection,SWPMI1Freq_Value,SYSCLKFreq_VALUE,SYSCLKSource,Spi45ClockSelection,SupplySource,Tim1OutputFreq_Value,Tim2OutputFreq_Value,TraceFreq_Value,USART16CLockSelection,USART16Freq_Value,USART234578CLockSelection,USART234578Freq_Value,USBCLockSelection,USBFreq_Value,VCO1OutputFreq_Value,VCO2OutputFreq_Value,VCO3OutputFreq_Value,VCOInput1Freq_Value,VCOInput2Freq_Value,VCOInput3Freq_Value,WatchDogFreq_Value
RCC.LPTIM1CLockSelection=RCC_LPTIM1CLKSOURCE_D2PCLK1
RCC.LPTIM1Freq_Value=137500000
RCC.LPTIM2CLockSelection=RCC_LPTIM2CLKSOURCE_D3PCLK1
RCC.LPTIM2Freq_Value=137500000
RCC.LPTIM345CLockSelection=RCC_LPTIM345CLKSOURCE_D3PCLK1
RCC.LPTIM345Freq_Value=137500000
RCC.LPUART1CLockSelection=RCC_LPUART1CLKSOURCE_D3PCLK1
RCC.LPUART1Freq_Value=137500000
RCC.LSEState=RCC_LSE_OFF
RCC.LSE_VALUE=32768
RCC.LSI_VALUE=32000
RCC.LTDCFreq_Value=133333333.33333333
RCC.MCO1PinFreq_Value=64000000
RCC.MCO2PinFreq_Value=550000000
RCC.PLL1_VCI_Range-AdvancedSettings=RCC_PLL1VCIRANGE_1
RCC.PLL1_VCO_SEL-AdvancedSettings=RCC_PLL1VCOWIDE
RCC.PLLDSIDev=2
RCC.PLLDSIFreq_Value=500000000
RCC.PLLDSIIDF=DSI_PLL_IN_DIV1
RCC.PLLDSIMult=2
RCC.PLLDSINDIV=20
RCC.PLLDSIODF=DSI_PLL_OUT_DIV1
RCC.PLLDSIVCOFreq_Value=500000000
RCC.PLLFRACN=0
RCC.PWR_Regulator_Voltage_Scale=PWR_REGULATOR_VOLTAGE_SCALE0
RCC.QSPICLockSelection=RCC_OSPICLKSOURCE_PLL2
RCC.QSPIFreq_Value=200000000
RCC.RCC_MCO1Source=RCC_MCO1SOURCE_HSI
RCC.RCC_MCO2Source=RCC_MCO2SOURCE_SYSCLK
RCC.RCC_MCODiv1=RCC_MCODIV_1
RCC.RCC_MCODiv2=RCC_MCODIV_1
RCC.RCC_RTC_Clock_Source_FROM_HSE=RCC_RTCCLKSOURCE_HSE_DIV2
RCC.RNGCLockSelection=RCC_RNGCLKSOURCE_PLL
RCC.RNGFreq_Value=183333333.33333334
RCC.RTCFreq_Value=32000
RCC.SAI1CLockSelection=RCC_SAI1CLKSOURCE_PLL
RCC.SAI1Freq_Value=183333333.33333334
RCC.SAI23CLockSelection=RCC_SAI23CLKSOURCE_PLL
RCC.SAI23Freq_Value=96000000
RCC.SAI4ACLockSelection=RCC_SAI4ACLKSOURCE_PLL
RCC.SAI4AFreq_Value=183333333.33333334
RCC.SAI4BCLockSelection=RCC_SAI4BCLKSOURCE_PLL
RCC.SAI4BFreq_Value=183333333.33333334
RCC.SDMMC1CLockSelection=RCC_SDMMCCLKSOURCE_PLL2
RCC.SDMMCFreq_Value=200000000
RCC.SPDIFCLockSelection=RCC_SPDIFRXCLKSOURCE_PLL
RCC.SPDIFRXFreq_Value=183333333.33333334
RCC.SPI123CLockSelection=RCC_SPI123CLKSOURCE_PLL2
RCC.SPI123Freq_Value=200000000
RCC.SPI45Freq_Value=137500000
RCC.SPI6CLockSelection=RCC_SPI6CLKSOURCE_D3PCLK1
RCC.SPI6Freq_Value=137500000
RCC.SWPCLockSelection=RCC_SWPMI1CLKSOURCE_D2PCLK1
RCC.SWPMI1Freq_Value=137500000
RCC.SYSCLKFreq_VALUE=550000000
RCC.SYSCLKSource=RCC_SYSCLKSOURCE_PLLCLK
RCC.Spi45ClockSelection=RCC_SPI45CLKSOURCE_D2PCLK1
RCC.SupplySource=PWR_SMPS_2V5_SUPPLIES_LDO
RCC.Tim1OutputFreq_Value=275000000
RCC.Tim2OutputFreq_Value=275000000
RCC.TraceFreq_Value=275000000
RCC.USART16CLockSelection=RCC_USART16910CLKSOURCE_D2PCLK2
RCC.USART16Freq_Value=137500000
RCC.USART234578CLockSelection=RCC_USART234578CLKSOURCE_D2PCLK1
RCC.USART234578Freq_Value=137500000
RCC.USBCLockSelection=RCC_USBCLKSOURCE_PLL3
RCC.USBFreq_Value=100000000
RCC.VCO1OutputFreq_Value=550000000
RCC.VCO2OutputFreq_Value=800000000
RCC.VCO3OutputFreq_Value=400000000
RCC.VCOInput1Freq_Value=5000000
RCC.VCOInput2Freq_Value=5000000
RCC.VCOInput3Freq_Value=5000000
RCC.WatchDogFreq_Value=32000
SH.GPXTI0.0=GPIO_EXTI0
SH.GPXTI0.ConfNb=1
SH.GPXTI10.0=GPIO_EXTI10
SH.GPXTI10.ConfNb=1
SH.GPXTI11.0=GPIO_EXTI11
SH.GPXTI11.ConfNb=1
SH.GPXTI12.0=GPIO_EXTI12
SH.GPXTI12.ConfNb=1
SH.GPXTI13.0=GPIO_EXTI13
SH.GPXTI13.ConfNb=1
SH.GPXTI14.0=GPIO_EXTI14
SH.GPXTI14.ConfNb=1
SH.GPXTI6.0=GPIO_EXTI6
SH.GPXTI6.ConfNb=1
SH.GPXTI7.0=GPIO_EXTI7
SH.GPXTI7.ConfNb=1
SH.GPXTI9.0=GPIO_EXTI9
SH.GPXTI9.ConfNb=1
SH.S_TIM1_CH3.0=TIM1_CH3,PWM Generation3 CH3
SH.S_TIM1_CH3.ConfNb=1
SH.S_TIM1_CH4.0=TIM1_CH4,PWM Generation4 CH4
SH.S_TIM1_CH4.ConfNb=1
SH.S_TIM24_CH4.0=TIM24_CH4,PWM Generation4 CH4
SH.S_TIM24_CH4.ConfNb=1
SPI1.BaudRatePrescaler=SPI_BAUDRATEPRESCALER_2
SPI1.CalculateBaudRate=100.0 MBits/s
SPI1.Direction=SPI_DIRECTION_2LINES
SPI1.IPParameters=VirtualType,Mode,Direction,CalculateBaudRate,VirtualNSS,BaudRatePrescaler
SPI1.Mode=SPI_MODE_MASTER
SPI1.VirtualNSS=VM_NSSHARD
SPI1.VirtualType=VM_MASTER
SPI2.BaudRatePrescaler=SPI_BAUDRATEPRESCALER_32
SPI2.CalculateBaudRate=6.25 MBits/s
SPI2.DataSize=SPI_DATASIZE_8BIT
SPI2.Direction=SPI_DIRECTION_2LINES
SPI2.IPParameters=VirtualType,Mode,Direction,CalculateBaudRate,VirtualNSS,BaudRatePrescaler,DataSize
SPI2.Mode=SPI_MODE_MASTER
SPI2.VirtualNSS=VM_NSSHARD
SPI2.VirtualType=VM_MASTER
STMicroelectronics.X-CUBE-ALGOBUILD.1.1.0.ApplicationCcDeviceJjApplication=IKS01A3IiAlgoBuilderIiTemplate
STMicroelectronics.X-CUBE-ALGOBUILD.1.1.0.DSPOoLibraryJjLibrary_Checked=true
STMicroelectronics.X-CUBE-ALGOBUILD.1.1.0.DeviceJjApplication_Checked=false
STMicroelectronics.X-CUBE-ALGOBUILD.1.1.0.IPParameters=LibraryCcMotionOoLibrariesJjMotionOoLibraries,LibraryCcDSPOoLibraryJjDSPOoLibrary,ApplicationCcDeviceJjApplication
STMicroelectronics.X-CUBE-ALGOBUILD.1.1.0.LibraryCcDSPOoLibraryJjDSPOoLibrary=true
STMicroelectronics.X-CUBE-ALGOBUILD.1.1.0.LibraryCcMotionOoLibrariesJjMotionOoLibraries=true
STMicroelectronics.X-CUBE-ALGOBUILD.1.1.0.MotionOoLibrariesJjLibrary_Checked=true
STMicroelectronics.X-CUBE-ALGOBUILD.1.1.0_SwParameter=LibraryCcDSPOoLibraryJjDSPOoLibrary\:true;LibraryCcMotionOoLibrariesJjMotionOoLibraries\:true;ApplicationCcDeviceJjApplication\:IKS01A3IiAlgoBuilderIiTemplate;
STMicroelectronics.X-CUBE-MEMS1.8.2.0.BSP.number=1
STMicroelectronics.X-CUBE-MEMS1.8.2.0.BoardOoPartJjPressTempJjLPS22HH=SPI
STMicroelectronics.X-CUBE-MEMS1.8.2.0.BoardOoPartJjPressTemp_Checked=false
STMicroelectronics.X-CUBE-MEMS1.8.2.0.IPParameters=BoardOoPartJjPressTempJjLPS22HH
STMicroelectronics.X-CUBE-MEMS1.8.2.00.BSP.STBoard=false
STMicroelectronics.X-CUBE-MEMS1.8.2.00.BSP.api=BSP_BUS_DRIVER
STMicroelectronics.X-CUBE-MEMS1.8.2.00.BSP.component=
STMicroelectronics.X-CUBE-MEMS1.8.2.00.BSP.condition=SEMBoardOoPartJjPressTempJjLPS22HHJjSPI
STMicroelectronics.X-CUBE-MEMS1.8.2.00.BSP.i2caddr=0
STMicroelectronics.X-CUBE-MEMS1.8.2.00.BSP.i2creg=
STMicroelectronics.X-CUBE-MEMS1.8.2.00.BSP.instance=SPI2
STMicroelectronics.X-CUBE-MEMS1.8.2.00.BSP.ip=SPI
STMicroelectronics.X-CUBE-MEMS1.8.2.00.BSP.mode=Full-Duplex Master
STMicroelectronics.X-CUBE-MEMS1.8.2.00.BSP.name=LPS22HH BUS IO driver
STMicroelectronics.X-CUBE-MEMS1.8.2.00.BSP.semaphore=
STMicroelectronics.X-CUBE-MEMS1.8.2.00.BSP.solution=SPI2
STMicroelectronics.X-CUBE-MEMS1.8.2.0_SwParameter=BoardOoPartJjPressTempJjLPS22HH\:SPI;
TIM1.Channel-PWM\ Generation3\ CH3=TIM_CHANNEL_3
TIM1.Channel-PWM\ Generation4\ CH4=TIM_CHANNEL_4
TIM1.IPParameters=Channel-PWM Generation3 CH3,Channel-PWM Generation4 CH4
TIM24.Channel-PWM\ Generation1\ CH1=TIM_CHANNEL_1
TIM24.Channel-PWM\ Generation4\ CH4=TIM_CHANNEL_4
TIM24.IPParameters=Channel-PWM Generation1 CH1,Channel-PWM Generation4 CH4
UART5.BaudRate=9600
UART5.IPParameters=BaudRate
USART1.IPParameters=VirtualMode-Asynchronous
USART1.VirtualMode-Asynchronous=VM_ASYNC
USART2.IPParameters=VirtualMode-Asynchronous
USART2.VirtualMode-Asynchronous=VM_ASYNC
USB_DEVICE.CLASS_NAME_HS=MSC
USB_DEVICE.IPParameters=VirtualMode,VirtualModeHS,CLASS_NAME_HS
USB_DEVICE.VirtualMode=Msc
USB_DEVICE.VirtualModeHS=Msc_HS
USB_OTG_HS.IPParameters=VirtualMode-Device_Only_FS
USB_OTG_HS.VirtualMode-Device_Only_FS=Device_Only_FS
VP_ADC3_TempSens_Input.Mode=IN-TempSens
VP_ADC3_TempSens_Input.Signal=ADC3_TempSens_Input
VP_ADC3_Vref_Input.Mode=IN-Vrefint
VP_ADC3_Vref_Input.Signal=ADC3_Vref_Input
VP_CRC_VS_CRC.Mode=CRC_Activate
VP_CRC_VS_CRC.Signal=CRC_VS_CRC
VP_CRYP_VS_CRYP.Mode=CRYP_Activate
VP_CRYP_VS_CRYP.Signal=CRYP_VS_CRYP
VP_FATFS_VS_Generic.Mode=User_defined
VP_FATFS_VS_Generic.Signal=FATFS_VS_Generic
VP_FREERTOS_VS_CMSIS_V2.Mode=CMSIS_V2
VP_FREERTOS_VS_CMSIS_V2.Signal=FREERTOS_VS_CMSIS_V2
VP_HASH_VS_HASH.Mode=HASH_Activate
VP_HASH_VS_HASH.Signal=HASH_VS_HASH
VP_LPTIM1_VS_LPTIM_counterModeInternalClock.Mode=Counts__internal_clock_event_00
VP_LPTIM1_VS_LPTIM_counterModeInternalClock.Signal=LPTIM1_VS_LPTIM_counterModeInternalClock
VP_OCTOSPI1_VS_quad.Mode=quad_mode
VP_OCTOSPI1_VS_quad.Signal=OCTOSPI1_VS_quad
VP_RNG_VS_RNG.Mode=RNG_Activate
VP_RNG_VS_RNG.Signal=RNG_VS_RNG
VP_STMicroelectronics.X-CUBE-ALGOBUILD_VS_DSPOoLibraryJjLibrary_1.1.0.Mode=DSPOoLibraryJjLibrary
VP_STMicroelectronics.X-CUBE-ALGOBUILD_VS_DSPOoLibraryJjLibrary_1.1.0.Signal=STMicroelectronics.X-CUBE-ALGOBUILD_VS_DSPOoLibraryJjLibrary_1.1.0
VP_STMicroelectronics.X-CUBE-ALGOBUILD_VS_MotionOoLibrariesJjLibrary_1.1.0.Mode=MotionOoLibrariesJjLibrary
VP_STMicroelectronics.X-CUBE-ALGOBUILD_VS_MotionOoLibrariesJjLibrary_1.1.0.Signal=STMicroelectronics.X-CUBE-ALGOBUILD_VS_MotionOoLibrariesJjLibrary_1.1.0
VP_SYS_VS_tim2.Mode=TIM2
VP_SYS_VS_tim2.Signal=SYS_VS_tim2
VP_TIM1_VS_ClockSourceINT.Mode=Internal
VP_TIM1_VS_ClockSourceINT.Signal=TIM1_VS_ClockSourceINT
VP_TIM24_VS_ClockSourceINT.Mode=Internal
VP_TIM24_VS_ClockSourceINT.Signal=TIM24_VS_ClockSourceINT
VP_USB_DEVICE_VS_USB_DEVICE_MSC_HS.Mode=MSC_HS
VP_USB_DEVICE_VS_USB_DEVICE_MSC_HS.Signal=USB_DEVICE_VS_USB_DEVICE_MSC_HS
board=custom
